# This file is automatically @generated by Poetry 2.1.4 and should not be changed by hand.

[[package]]
name = "isort"
version = "6.0.1"
description = "A Python utility / library to sort Python imports."
optional = false
python-versions = ">=3.9.0"
groups = ["dev"]
files = [
    {file = "isort-6.0.1-py3-none-any.whl", hash = "sha256:2dc5d7f65c9678d94c88dfc29161a320eec67328bc97aad576874cb4be1e9615"},
    {file = "isort-6.0.1.tar.gz", hash = "sha256:1cb5df28dfbc742e490c5e41bad6da41b805b0a8be7bc93cd0fb2a8a890ac450"},
]

[package.extras]
colors = ["colorama"]
plugins = ["setuptools"]

[[package]]
name = "platformdirs"
version = "4.4.0"
description = "A small Python package for determining appropriate platform-specific dirs, e.g. a `user data dir`."
optional = false
python-versions = ">=3.9"
groups = ["dev"]
files = [
    {file = "platformdirs-4.4.0-py3-none-any.whl", hash = "sha256:abd01743f24e5287cd7a5db3752faf1a2d65353f38ec26d98e25a6db65958c85"},
    {file = "platformdirs-4.4.0.tar.gz", hash = "sha256:ca753cf4d81dc309bc67b0ea38fd15dc97bc30ce419a7f58d13eb3bf14c4febf"},
]

[package.extras]
docs = ["furo (>=2024.8.6)", "proselint (>=0.14)", "sphinx (>=8.1.3)", "sphinx-autodoc-typehints (>=3)"]
test = ["appdirs (==1.4.4)", "covdefaults (>=2.3)", "pytest (>=8.3.4)", "pytest-cov (>=6)", "pytest-mock (>=3.14)"]
type = ["mypy (>=1.14.1)"]

[[package]]
name = "yapf"
version = "0.43.0"
description = "A formatter for Python code"
optional = false
python-versions = ">=3.7"
groups = ["dev"]
files = [
    {file = "yapf-0.43.0-py3-none-any.whl", hash = "sha256:224faffbc39c428cb095818cf6ef5511fdab6f7430a10783fdfb292ccf2852ca"},
    {file = "yapf-0.43.0.tar.gz", hash = "sha256:00d3aa24bfedff9420b2e0d5d9f5ab6d9d4268e72afbf59bb3fa542781d5218e"},
]

[package.dependencies]
platformdirs = ">=3.5.1"

[metadata]
lock-version = "2.1"
python-versions = ">=3.13"
content-hash = "bb78b038859827414309492f4be499f51cfa529b115f66a725a17ccfc261156f"
